
Microsoft Visual Studio Solution File, Format Version 12.00
# Visual Studio Version 17
VisualStudioVersion = 17.7.34009.444
MinimumVisualStudioVersion = 10.0.40219.1
Project("{FAE04EC0-301F-11D3-BF4B-00C04F79EFBC}") = "Parc Informatique", "Parc Informatique\Parc Informatique.csproj", "{BA463C49-D6E4-4617-8AAC-59FC451CA553}"
EndProject
Global
	GlobalSection(SolutionConfigurationPlatforms) = preSolution
		Debug|Any CPU = Debug|Any CPU
		Release|Any CPU = Release|Any CPU
	EndGlobalSection
	GlobalSection(ProjectConfigurationPlatforms) = postSolution
		{BA463C49-D6E4-4617-8AAC-59FC451CA553}.Debug|Any CPU.ActiveCfg = Debug|Any CPU
		{BA463C49-D6E4-4617-8AAC-59FC451CA553}.Debug|Any CPU.Build.0 = Debug|Any CPU
		{BA463C49-D6E4-4617-8AAC-59FC451CA553}.Release|Any CPU.ActiveCfg = Release|Any CPU
		{BA463C49-D6E4-4617-8AAC-59FC451CA553}.Release|Any CPU.Build.0 = Release|Any CPU
	EndGlobalSection
	GlobalSection(SolutionProperties) = preSolution
		HideSolutionNode = FALSE
	EndGlobalSection
	GlobalSection(ExtensibilityGlobals) = postSolution
		SolutionGuid = {F37C6C0E-6B83-404B-9722-54965BE81AD2}
	EndGlobalSection
EndGlobal
